{
  "name": "@dotenv-run/cli",
  "version": "0.4.1",
  "lockfileVersion": 2,
  "requires": true,
  "packages": {
    "": {
      "name": "@dotenv-run/cli",
      "version": "0.4.1",
      "license": "ISC",
      "dependencies": {
        "@dotenv-run/core": "^0.4.1",
        "chalk": "^4.1.0",
        "chokidar": "^3.5.3",
        "cross-spawn": "^7.0.3",
        "find-up": "^5.0.0",
        "minimist": "^1.2.8"
      },
      "bin": {
        "dotenv-run": "dist/index.js"
      },
      "devDependencies": {
        "@types/cross-spawn": "^6.0.2",
        "@types/minimist": "^1.2.2"
      }
    },
    "../../node_modules/.pnpm/@types+cross-spawn@6.0.2/node_modules/@types/cross-spawn": {
      "version": "6.0.2",
      "dev": true,
      "license": "MIT",
      "dependencies": {
        "@types/node": "*"
      }
    },
    "../../node_modules/.pnpm/@types+minimist@1.2.2/node_modules/@types/minimist": {
      "version": "1.2.2",
      "dev": true,
      "license": "MIT"
    },
    "../../node_modules/.pnpm/@types+node@16.18.34/node_modules/@types/node": {
      "version": "16.18.34",
      "dev": true,
      "license": "MIT"
    },
    "../../node_modules/.pnpm/chalk@4.1.2/node_modules/chalk": {
      "version": "4.1.2",
      "license": "MIT",
      "dependencies": {
        "ansi-styles": "^4.1.0",
        "supports-color": "^7.1.0"
      },
      "devDependencies": {
        "ava": "^2.4.0",
        "coveralls": "^3.0.7",
        "execa": "^4.0.0",
        "import-fresh": "^3.1.0",
        "matcha": "^0.7.0",
        "nyc": "^15.0.0",
        "resolve-from": "^5.0.0",
        "tsd": "^0.7.4",
        "xo": "^0.28.2"
      },
      "engines": {
        "node": ">=10"
      },
      "funding": {
        "url": "https://github.com/chalk/chalk?sponsor=1"
      }
    },
    "../../node_modules/.pnpm/chokidar@3.5.3/node_modules/chokidar": {
      "version": "3.5.3",
      "funding": [
        {
          "type": "individual",
          "url": "https://paulmillr.com/funding/"
        }
      ],
      "license": "MIT",
      "dependencies": {
        "anymatch": "~3.1.2",
        "braces": "~3.0.2",
        "glob-parent": "~5.1.2",
        "is-binary-path": "~2.1.0",
        "is-glob": "~4.0.1",
        "normalize-path": "~3.0.0",
        "readdirp": "~3.6.0"
      },
      "devDependencies": {
        "@types/node": "^14",
        "chai": "^4.3",
        "dtslint": "^3.3.0",
        "eslint": "^7.0.0",
        "mocha": "^7.0.0",
        "nyc": "^15.0.0",
        "rimraf": "^3.0.0",
        "sinon": "^9.0.1",
        "sinon-chai": "^3.3.0",
        "typescript": "~4.4.3",
        "upath": "^1.2.0"
      },
      "engines": {
        "node": ">= 8.10.0"
      },
      "optionalDependencies": {
        "fsevents": "~2.3.2"
      }
    },
    "../../node_modules/.pnpm/cross-spawn@7.0.3/node_modules/cross-spawn": {
      "version": "7.0.3",
      "license": "MIT",
      "dependencies": {
        "path-key": "^3.1.0",
        "shebang-command": "^2.0.0",
        "which": "^2.0.1"
      },
      "devDependencies": {
        "@commitlint/cli": "^8.1.0",
        "@commitlint/config-conventional": "^8.1.0",
        "babel-core": "^6.26.3",
        "babel-jest": "^24.9.0",
        "babel-preset-moxy": "^3.1.0",
        "eslint": "^5.16.0",
        "eslint-config-moxy": "^7.1.0",
        "husky": "^3.0.5",
        "jest": "^24.9.0",
        "lint-staged": "^9.2.5",
        "mkdirp": "^0.5.1",
        "rimraf": "^3.0.0",
        "standard-version": "^7.0.0"
      },
      "engines": {
        "node": ">= 8"
      }
    },
    "../../node_modules/.pnpm/dotenv-expand@10.0.0/node_modules/dotenv-expand": {
      "version": "10.0.0",
      "license": "BSD-2-Clause",
      "devDependencies": {
        "@hapi/lab": "^24.5.1",
        "@types/node": "^17.0.8",
        "dotenv": "16.0.3",
        "lab": "^14.3.4",
        "should": "^11.2.1",
        "standard": "^16.0.4",
        "typescript": "^4.5.4"
      },
      "engines": {
        "node": ">=12"
      }
    },
    "../../node_modules/.pnpm/dotenv@16.1.4/node_modules/dotenv": {
      "version": "16.1.4",
      "license": "BSD-2-Clause",
      "devDependencies": {
        "@definitelytyped/dtslint": "^0.0.133",
        "@types/node": "^18.11.3",
        "decache": "^4.6.1",
        "sinon": "^14.0.1",
        "standard": "^17.0.0",
        "standard-markdown": "^7.1.0",
        "standard-version": "^9.5.0",
        "tap": "^16.3.0",
        "tar": "^6.1.11",
        "typescript": "^4.8.4"
      },
      "engines": {
        "node": ">=12"
      },
      "funding": {
        "url": "https://github.com/motdotla/dotenv?sponsor=1"
      }
    },
    "../../node_modules/.pnpm/find-up@5.0.0/node_modules/find-up": {
      "version": "5.0.0",
      "license": "MIT",
      "dependencies": {
        "locate-path": "^6.0.0",
        "path-exists": "^4.0.0"
      },
      "devDependencies": {
        "ava": "^2.1.0",
        "is-path-inside": "^2.1.0",
        "tempy": "^0.6.0",
        "tsd": "^0.13.1",
        "xo": "^0.33.0"
      },
      "engines": {
        "node": ">=10"
      },
      "funding": {
        "url": "https://github.com/sponsors/sindresorhus"
      }
    },
    "../../node_modules/.pnpm/minimist@1.2.8/node_modules/minimist": {
      "version": "1.2.8",
      "license": "MIT",
      "devDependencies": {
        "@ljharb/eslint-config": "^21.0.1",
        "aud": "^2.0.2",
        "auto-changelog": "^2.4.0",
        "eslint": "=8.8.0",
        "in-publish": "^2.0.1",
        "npmignore": "^0.3.0",
        "nyc": "^10.3.2",
        "safe-publish-latest": "^2.0.0",
        "tape": "^5.6.3"
      },
      "funding": {
        "url": "https://github.com/sponsors/ljharb"
      }
    },
    "../core": {
      "name": "@dotenv-run/core",
      "version": "0.4.1",
      "license": "ISC",
      "dependencies": {
        "dotenv": "^16.1.4",
        "dotenv-expand": "^10.0.0"
      },
      "devDependencies": {
        "@types/node": "^16.0.0"
      }
    },
    "../core/node_modules/@types/node": {
      "resolved": "../../node_modules/.pnpm/@types+node@16.18.34/node_modules/@types/node",
      "link": true
    },
    "../core/node_modules/dotenv": {
      "resolved": "../../node_modules/.pnpm/dotenv@16.1.4/node_modules/dotenv",
      "link": true
    },
    "../core/node_modules/dotenv-expand": {
      "resolved": "../../node_modules/.pnpm/dotenv-expand@10.0.0/node_modules/dotenv-expand",
      "link": true
    },
    "node_modules/@dotenv-run/core": {
      "resolved": "../core",
      "link": true
    },
    "node_modules/@types/cross-spawn": {
      "resolved": "../../node_modules/.pnpm/@types+cross-spawn@6.0.2/node_modules/@types/cross-spawn",
      "link": true
    },
    "node_modules/@types/minimist": {
      "resolved": "../../node_modules/.pnpm/@types+minimist@1.2.2/node_modules/@types/minimist",
      "link": true
    },
    "node_modules/chalk": {
      "resolved": "../../node_modules/.pnpm/chalk@4.1.2/node_modules/chalk",
      "link": true
    },
    "node_modules/chokidar": {
      "resolved": "../../node_modules/.pnpm/chokidar@3.5.3/node_modules/chokidar",
      "link": true
    },
    "node_modules/cross-spawn": {
      "resolved": "../../node_modules/.pnpm/cross-spawn@7.0.3/node_modules/cross-spawn",
      "link": true
    },
    "node_modules/find-up": {
      "resolved": "../../node_modules/.pnpm/find-up@5.0.0/node_modules/find-up",
      "link": true
    },
    "node_modules/minimist": {
      "resolved": "../../node_modules/.pnpm/minimist@1.2.8/node_modules/minimist",
      "link": true
    }
  },
  "dependencies": {
    "@dotenv-run/core": {
      "version": "file:../core",
      "requires": {
        "@types/node": "^16.0.0",
        "dotenv": "^16.1.4",
        "dotenv-expand": "^10.0.0"
      },
      "dependencies": {
        "@types/node": {
          "version": "file:../../node_modules/.pnpm/@types+node@16.18.34/node_modules/@types/node"
        },
        "dotenv": {
          "version": "file:../../node_modules/.pnpm/dotenv@16.1.4/node_modules/dotenv",
          "requires": {
            "@definitelytyped/dtslint": "^0.0.133",
            "@types/node": "^18.11.3",
            "decache": "^4.6.1",
            "sinon": "^14.0.1",
            "standard": "^17.0.0",
            "standard-markdown": "^7.1.0",
            "standard-version": "^9.5.0",
            "tap": "^16.3.0",
            "tar": "^6.1.11",
            "typescript": "^4.8.4"
          }
        },
        "dotenv-expand": {
          "version": "file:../../node_modules/.pnpm/dotenv-expand@10.0.0/node_modules/dotenv-expand",
          "requires": {
            "@hapi/lab": "^24.5.1",
            "@types/node": "^17.0.8",
            "dotenv": "16.0.3",
            "lab": "^14.3.4",
            "should": "^11.2.1",
            "standard": "^16.0.4",
            "typescript": "^4.5.4"
          }
        }
      }
    },
    "@types/cross-spawn": {
      "version": "file:../../node_modules/.pnpm/@types+cross-spawn@6.0.2/node_modules/@types/cross-spawn",
      "requires": {
        "@types/node": "*"
      }
    },
    "@types/minimist": {
      "version": "file:../../node_modules/.pnpm/@types+minimist@1.2.2/node_modules/@types/minimist"
    },
    "chalk": {
      "version": "file:../../node_modules/.pnpm/chalk@4.1.2/node_modules/chalk",
      "requires": {
        "ansi-styles": "^4.1.0",
        "ava": "^2.4.0",
        "coveralls": "^3.0.7",
        "execa": "^4.0.0",
        "import-fresh": "^3.1.0",
        "matcha": "^0.7.0",
        "nyc": "^15.0.0",
        "resolve-from": "^5.0.0",
        "supports-color": "^7.1.0",
        "tsd": "^0.7.4",
        "xo": "^0.28.2"
      }
    },
    "chokidar": {
      "version": "file:../../node_modules/.pnpm/chokidar@3.5.3/node_modules/chokidar",
      "requires": {
        "@types/node": "^14",
        "anymatch": "~3.1.2",
        "braces": "~3.0.2",
        "chai": "^4.3",
        "dtslint": "^3.3.0",
        "eslint": "^7.0.0",
        "fsevents": "~2.3.2",
        "glob-parent": "~5.1.2",
        "is-binary-path": "~2.1.0",
        "is-glob": "~4.0.1",
        "mocha": "^7.0.0",
        "normalize-path": "~3.0.0",
        "nyc": "^15.0.0",
        "readdirp": "~3.6.0",
        "rimraf": "^3.0.0",
        "sinon": "^9.0.1",
        "sinon-chai": "^3.3.0",
        "typescript": "~4.4.3",
        "upath": "^1.2.0"
      }
    },
    "cross-spawn": {
      "version": "file:../../node_modules/.pnpm/cross-spawn@7.0.3/node_modules/cross-spawn",
      "requires": {
        "@commitlint/cli": "^8.1.0",
        "@commitlint/config-conventional": "^8.1.0",
        "babel-core": "^6.26.3",
        "babel-jest": "^24.9.0",
        "babel-preset-moxy": "^3.1.0",
        "eslint": "^5.16.0",
        "eslint-config-moxy": "^7.1.0",
        "husky": "^3.0.5",
        "jest": "^24.9.0",
        "lint-staged": "^9.2.5",
        "mkdirp": "^0.5.1",
        "path-key": "^3.1.0",
        "rimraf": "^3.0.0",
        "shebang-command": "^2.0.0",
        "standard-version": "^7.0.0",
        "which": "^2.0.1"
      }
    },
    "find-up": {
      "version": "file:../../node_modules/.pnpm/find-up@5.0.0/node_modules/find-up",
      "requires": {
        "ava": "^2.1.0",
        "is-path-inside": "^2.1.0",
        "locate-path": "^6.0.0",
        "path-exists": "^4.0.0",
        "tempy": "^0.6.0",
        "tsd": "^0.13.1",
        "xo": "^0.33.0"
      }
    },
    "minimist": {
      "version": "file:../../node_modules/.pnpm/minimist@1.2.8/node_modules/minimist",
      "requires": {
        "@ljharb/eslint-config": "^21.0.1",
        "aud": "^2.0.2",
        "auto-changelog": "^2.4.0",
        "eslint": "=8.8.0",
        "in-publish": "^2.0.1",
        "npmignore": "^0.3.0",
        "nyc": "^10.3.2",
        "safe-publish-latest": "^2.0.0",
        "tape": "^5.6.3"
      }
    }
  }
}
